
Microsoft Visual Studio Solution File, Format Version 12.00
# Visual Studio Version 17
VisualStudioVersion = 17.6.33829.357
MinimumVisualStudioVersion = 10.0.40219.1
Project("{FAE04EC0-301F-11D3-BF4B-00C04F79EFBC}") = "Fundamentals - Algorithm Design 1", "Fundamentals - Algorithm Design 1\Fundamentals - Algorithm Design 1.csproj", "{A64721C5-3120-4FB6-B24E-AEE0D7F7B72D}"
EndProject
Global
	GlobalSection(SolutionConfigurationPlatforms) = preSolution
		Debug|Any CPU = Debug|Any CPU
		Release|Any CPU = Release|Any CPU
	EndGlobalSection
	GlobalSection(ProjectConfigurationPlatforms) = postSolution
		{A64721C5-3120-4FB6-B24E-AEE0D7F7B72D}.Debug|Any CPU.ActiveCfg = Debug|Any CPU
		{A64721C5-3120-4FB6-B24E-AEE0D7F7B72D}.Debug|Any CPU.Build.0 = Debug|Any CPU
		{A64721C5-3120-4FB6-B24E-AEE0D7F7B72D}.Release|Any CPU.ActiveCfg = Release|Any CPU
		{A64721C5-3120-4FB6-B24E-AEE0D7F7B72D}.Release|Any CPU.Build.0 = Release|Any CPU
	EndGlobalSection
	GlobalSection(SolutionProperties) = preSolution
		HideSolutionNode = FALSE
	EndGlobalSection
	GlobalSection(ExtensibilityGlobals) = postSolution
		SolutionGuid = {E0F943B0-49F6-4F44-BD8F-E3056A4AEC9B}
	EndGlobalSection
EndGlobal
