
Microsoft Visual Studio Solution File, Format Version 12.00
# Visual Studio Version 17
VisualStudioVersion = 17.6.33829.357
MinimumVisualStudioVersion = 10.0.40219.1
Project("{FAE04EC0-301F-11D3-BF4B-00C04F79EFBC}") = "Fundamentals - Methods", "Fundamentals - Methods\Fundamentals - Methods.csproj", "{32AAACEF-51F5-4FD1-922F-A1A88C3FF7B2}"
EndProject
Global
	GlobalSection(SolutionConfigurationPlatforms) = preSolution
		Debug|Any CPU = Debug|Any CPU
		Release|Any CPU = Release|Any CPU
	EndGlobalSection
	GlobalSection(ProjectConfigurationPlatforms) = postSolution
		{32AAACEF-51F5-4FD1-922F-A1A88C3FF7B2}.Debug|Any CPU.ActiveCfg = Debug|Any CPU
		{32AAACEF-51F5-4FD1-922F-A1A88C3FF7B2}.Debug|Any CPU.Build.0 = Debug|Any CPU
		{32AAACEF-51F5-4FD1-922F-A1A88C3FF7B2}.Release|Any CPU.ActiveCfg = Release|Any CPU
		{32AAACEF-51F5-4FD1-922F-A1A88C3FF7B2}.Release|Any CPU.Build.0 = Release|Any CPU
	EndGlobalSection
	GlobalSection(SolutionProperties) = preSolution
		HideSolutionNode = FALSE
	EndGlobalSection
	GlobalSection(ExtensibilityGlobals) = postSolution
		SolutionGuid = {14676F27-1359-4072-BE72-6AE6F62DA7F3}
	EndGlobalSection
EndGlobal
