
Microsoft Visual Studio Solution File, Format Version 12.00
# Visual Studio Version 17
VisualStudioVersion = 17.6.33829.357
MinimumVisualStudioVersion = 10.0.40219.1
Project("{FAE04EC0-301F-11D3-BF4B-00C04F79EFBC}") = "First Game 2", "First Game 2\First Game 2.csproj", "{44B36FF2-B0C6-4591-B8E2-1FFD01813A7C}"
EndProject
Global
	GlobalSection(SolutionConfigurationPlatforms) = preSolution
		Debug|Any CPU = Debug|Any CPU
		Release|Any CPU = Release|Any CPU
	EndGlobalSection
	GlobalSection(ProjectConfigurationPlatforms) = postSolution
		{44B36FF2-B0C6-4591-B8E2-1FFD01813A7C}.Debug|Any CPU.ActiveCfg = Debug|Any CPU
		{44B36FF2-B0C6-4591-B8E2-1FFD01813A7C}.Debug|Any CPU.Build.0 = Debug|Any CPU
		{44B36FF2-B0C6-4591-B8E2-1FFD01813A7C}.Release|Any CPU.ActiveCfg = Release|Any CPU
		{44B36FF2-B0C6-4591-B8E2-1FFD01813A7C}.Release|Any CPU.Build.0 = Release|Any CPU
	EndGlobalSection
	GlobalSection(SolutionProperties) = preSolution
		HideSolutionNode = FALSE
	EndGlobalSection
	GlobalSection(ExtensibilityGlobals) = postSolution
		SolutionGuid = {EF304E94-9A19-41EB-B04F-5B42711D6E01}
	EndGlobalSection
EndGlobal
