
Microsoft Visual Studio Solution File, Format Version 12.00
# Visual Studio Version 17
VisualStudioVersion = 17.6.33829.357
MinimumVisualStudioVersion = 10.0.40219.1
Project("{FAE04EC0-301F-11D3-BF4B-00C04F79EFBC}") = "Fundamentals - Algorithm Design 2", "Fundamentals - Algorithm Design 2\Fundamentals - Algorithm Design 2.csproj", "{885A5A77-39EC-4989-B9F3-57EB98A1F0F2}"
EndProject
Global
	GlobalSection(SolutionConfigurationPlatforms) = preSolution
		Debug|Any CPU = Debug|Any CPU
		Release|Any CPU = Release|Any CPU
	EndGlobalSection
	GlobalSection(ProjectConfigurationPlatforms) = postSolution
		{885A5A77-39EC-4989-B9F3-57EB98A1F0F2}.Debug|Any CPU.ActiveCfg = Debug|Any CPU
		{885A5A77-39EC-4989-B9F3-57EB98A1F0F2}.Debug|Any CPU.Build.0 = Debug|Any CPU
		{885A5A77-39EC-4989-B9F3-57EB98A1F0F2}.Release|Any CPU.ActiveCfg = Release|Any CPU
		{885A5A77-39EC-4989-B9F3-57EB98A1F0F2}.Release|Any CPU.Build.0 = Release|Any CPU
	EndGlobalSection
	GlobalSection(SolutionProperties) = preSolution
		HideSolutionNode = FALSE
	EndGlobalSection
	GlobalSection(ExtensibilityGlobals) = postSolution
		SolutionGuid = {3AFC500E-9471-45F2-A881-88DCCE24B827}
	EndGlobalSection
EndGlobal
