
Microsoft Visual Studio Solution File, Format Version 12.00
# Visual Studio Version 17
VisualStudioVersion = 17.6.33829.357
MinimumVisualStudioVersion = 10.0.40219.1
Project("{FAE04EC0-301F-11D3-BF4B-00C04F79EFBC}") = "Westeros Map", "Westeros Map\Westeros Map.csproj", "{93F959D1-2789-4AA4-8214-9D6E8711C9A8}"
EndProject
Global
	GlobalSection(SolutionConfigurationPlatforms) = preSolution
		Debug|Any CPU = Debug|Any CPU
		Release|Any CPU = Release|Any CPU
	EndGlobalSection
	GlobalSection(ProjectConfigurationPlatforms) = postSolution
		{93F959D1-2789-4AA4-8214-9D6E8711C9A8}.Debug|Any CPU.ActiveCfg = Debug|Any CPU
		{93F959D1-2789-4AA4-8214-9D6E8711C9A8}.Debug|Any CPU.Build.0 = Debug|Any CPU
		{93F959D1-2789-4AA4-8214-9D6E8711C9A8}.Release|Any CPU.ActiveCfg = Release|Any CPU
		{93F959D1-2789-4AA4-8214-9D6E8711C9A8}.Release|Any CPU.Build.0 = Release|Any CPU
	EndGlobalSection
	GlobalSection(SolutionProperties) = preSolution
		HideSolutionNode = FALSE
	EndGlobalSection
	GlobalSection(ExtensibilityGlobals) = postSolution
		SolutionGuid = {AC203324-3AB9-40F7-9FF2-4EB78F1E2491}
	EndGlobalSection
EndGlobal
